
Microsoft Visual Studio Solution File, Format Version 12.00
# Visual Studio Version 16
VisualStudioVersion = 16.0.28606.126
MinimumVisualStudioVersion = 10.0.40219.1
Project("{9A19103F-16F7-4668-BE54-9A1E7A4F7556}") = "CaptainHook.Interfaces", "CaptainHook.Interfaces\CaptainHook.Interfaces.csproj", "{2EFD6F18-374F-4DB7-95D9-419310F5283E}"
EndProject
Project("{A07B5EB6-E848-4116-A8D0-A826331D98C6}") = "CaptainHook.Fabric", "CaptainHook.Fabric\CaptainHook.Fabric.sfproj", "{D44FA61E-30BD-487C-97CB-877E596872A8}"
EndProject
Project("{9A19103F-16F7-4668-BE54-9A1E7A4F7556}") = "CaptainHook.Api", "CaptainHook.Api\CaptainHook.Api.csproj", "{EF7F5F71-486F-4212-A391-27ABA2DACF74}"
EndProject
Project("{2150E333-8FDC-42A3-9474-1A3956D46DE8}") = "Tests", "Tests", "{6C9D563B-5E8D-49AB-A827-CE98F735567B}"
EndProject
Project("{9A19103F-16F7-4668-BE54-9A1E7A4F7556}") = "CaptainHook.Actors.Tests", "Tests\CaptainHook.Actors.Tests\CaptainHook.Actors.Tests.csproj", "{6DFF2BCE-35E9-4535-996A-8E3F21530EAD}"
EndProject
Project("{2150E333-8FDC-42A3-9474-1A3956D46DE8}") = "Solution Items", "Solution Items", "{C2A4301F-0F3A-4880-A8A6-C9D110FFFD69}"
	ProjectSection(SolutionItems) = preProject
		codecoverage.runsettings = codecoverage.runsettings
	EndProjectSection
EndProject
Project("{9A19103F-16F7-4668-BE54-9A1E7A4F7556}") = "CaptainHook.Tests", "Tests\CaptainHook.Tests\CaptainHook.Tests.csproj", "{47F9974E-6316-409B-B468-BF4F60AABAA4}"
EndProject
Project("{9A19103F-16F7-4668-BE54-9A1E7A4F7556}") = "CaptainHook.Common", "CaptainHook.Common\CaptainHook.Common.csproj", "{7AA6755F-72CB-4F63-8528-1ECDC03C7EF5}"
EndProject
Project("{9A19103F-16F7-4668-BE54-9A1E7A4F7556}") = "CaptainHook.Test.Api", "Tests\CaptainHook.Test.Api\CaptainHook.Test.Api.csproj", "{93284045-C2B5-4CB7-99C1-A2C54328A95E}"
EndProject
Project("{9A19103F-16F7-4668-BE54-9A1E7A4F7556}") = "CaptainHook.EventReaderService", "CaptainHook.EventReaderService\CaptainHook.EventReaderService.csproj", "{5180031F-1C2D-4F82-88C2-E6E0061A23E2}"
EndProject
Project("{9A19103F-16F7-4668-BE54-9A1E7A4F7556}") = "CaptainHook.PoolManagerActorService", "CaptainHook.PoolManagerActorService\CaptainHook.PoolManagerActorService.csproj", "{E41F1FC8-E5C1-4765-A8D5-9D6129189771}"
EndProject
Project("{9A19103F-16F7-4668-BE54-9A1E7A4F7556}") = "CaptainHook.EventHandlerActorService", "CaptainHook.EventHandlerActorService\CaptainHook.EventHandlerActorService.csproj", "{6966746E-0E96-4742-B744-C2F6B0CFE464}"
EndProject
Project("{9A19103F-16F7-4668-BE54-9A1E7A4F7556}") = "CaptainHook.EndpointDispatcherActorService", "CaptainHook.EndpointDispatcherActorService\CaptainHook.EndpointDispatcherActorService.csproj", "{546F4799-6D96-4861-8642-B2CD275FA858}"
EndProject
Project("{9A19103F-16F7-4668-BE54-9A1E7A4F7556}") = "CaptainHook.MessagingDirectorActorService", "CaptainHook.MessagingDirectorActorService\CaptainHook.MessagingDirectorActorService.csproj", "{E78A6D0E-8776-459A-8BFB-7CAD11CC5E61}"
EndProject
Global
	GlobalSection(SolutionConfigurationPlatforms) = preSolution
		Debug|Any CPU = Debug|Any CPU
		Debug|x64 = Debug|x64
		Release|Any CPU = Release|Any CPU
		Release|x64 = Release|x64
	EndGlobalSection
	GlobalSection(ProjectConfigurationPlatforms) = postSolution
		{2EFD6F18-374F-4DB7-95D9-419310F5283E}.Debug|Any CPU.ActiveCfg = Debug|x64
		{2EFD6F18-374F-4DB7-95D9-419310F5283E}.Debug|x64.ActiveCfg = Debug|x64
		{2EFD6F18-374F-4DB7-95D9-419310F5283E}.Debug|x64.Build.0 = Debug|x64
		{2EFD6F18-374F-4DB7-95D9-419310F5283E}.Release|Any CPU.ActiveCfg = Release|x64
		{2EFD6F18-374F-4DB7-95D9-419310F5283E}.Release|x64.ActiveCfg = Release|x64
		{2EFD6F18-374F-4DB7-95D9-419310F5283E}.Release|x64.Build.0 = Release|x64
		{D44FA61E-30BD-487C-97CB-877E596872A8}.Debug|Any CPU.ActiveCfg = Debug|x64
		{D44FA61E-30BD-487C-97CB-877E596872A8}.Debug|x64.ActiveCfg = Debug|x64
		{D44FA61E-30BD-487C-97CB-877E596872A8}.Debug|x64.Build.0 = Debug|x64
		{D44FA61E-30BD-487C-97CB-877E596872A8}.Debug|x64.Deploy.0 = Debug|x64
		{D44FA61E-30BD-487C-97CB-877E596872A8}.Release|Any CPU.ActiveCfg = Release|x64
		{D44FA61E-30BD-487C-97CB-877E596872A8}.Release|x64.ActiveCfg = Release|x64
		{D44FA61E-30BD-487C-97CB-877E596872A8}.Release|x64.Build.0 = Release|x64
		{D44FA61E-30BD-487C-97CB-877E596872A8}.Release|x64.Deploy.0 = Release|x64
		{EF7F5F71-486F-4212-A391-27ABA2DACF74}.Debug|Any CPU.ActiveCfg = Debug|x64
		{EF7F5F71-486F-4212-A391-27ABA2DACF74}.Debug|x64.ActiveCfg = Debug|x64
		{EF7F5F71-486F-4212-A391-27ABA2DACF74}.Debug|x64.Build.0 = Debug|x64
		{EF7F5F71-486F-4212-A391-27ABA2DACF74}.Release|Any CPU.ActiveCfg = Release|x64
		{EF7F5F71-486F-4212-A391-27ABA2DACF74}.Release|x64.ActiveCfg = Release|x64
		{EF7F5F71-486F-4212-A391-27ABA2DACF74}.Release|x64.Build.0 = Release|x64
		{6DFF2BCE-35E9-4535-996A-8E3F21530EAD}.Debug|Any CPU.ActiveCfg = Debug|x64
		{6DFF2BCE-35E9-4535-996A-8E3F21530EAD}.Debug|x64.ActiveCfg = Debug|x64
		{6DFF2BCE-35E9-4535-996A-8E3F21530EAD}.Debug|x64.Build.0 = Debug|x64
		{6DFF2BCE-35E9-4535-996A-8E3F21530EAD}.Release|Any CPU.ActiveCfg = Release|x64
		{6DFF2BCE-35E9-4535-996A-8E3F21530EAD}.Release|x64.ActiveCfg = Release|x64
		{6DFF2BCE-35E9-4535-996A-8E3F21530EAD}.Release|x64.Build.0 = Release|x64
		{47F9974E-6316-409B-B468-BF4F60AABAA4}.Debug|Any CPU.ActiveCfg = Debug|x64
		{47F9974E-6316-409B-B468-BF4F60AABAA4}.Debug|x64.ActiveCfg = Debug|x64
		{47F9974E-6316-409B-B468-BF4F60AABAA4}.Debug|x64.Build.0 = Debug|x64
		{47F9974E-6316-409B-B468-BF4F60AABAA4}.Release|Any CPU.ActiveCfg = Release|x64
		{47F9974E-6316-409B-B468-BF4F60AABAA4}.Release|x64.ActiveCfg = Release|x64
		{47F9974E-6316-409B-B468-BF4F60AABAA4}.Release|x64.Build.0 = Release|x64
		{7AA6755F-72CB-4F63-8528-1ECDC03C7EF5}.Debug|Any CPU.ActiveCfg = Debug|x64
		{7AA6755F-72CB-4F63-8528-1ECDC03C7EF5}.Debug|x64.ActiveCfg = Debug|x64
		{7AA6755F-72CB-4F63-8528-1ECDC03C7EF5}.Debug|x64.Build.0 = Debug|x64
		{7AA6755F-72CB-4F63-8528-1ECDC03C7EF5}.Release|Any CPU.ActiveCfg = Release|x64
		{7AA6755F-72CB-4F63-8528-1ECDC03C7EF5}.Release|x64.ActiveCfg = Release|x64
		{7AA6755F-72CB-4F63-8528-1ECDC03C7EF5}.Release|x64.Build.0 = Release|x64
		{93284045-C2B5-4CB7-99C1-A2C54328A95E}.Debug|Any CPU.ActiveCfg = Debug|Any CPU
		{93284045-C2B5-4CB7-99C1-A2C54328A95E}.Debug|Any CPU.Build.0 = Debug|Any CPU
		{93284045-C2B5-4CB7-99C1-A2C54328A95E}.Debug|x64.ActiveCfg = Debug|Any CPU
		{93284045-C2B5-4CB7-99C1-A2C54328A95E}.Debug|x64.Build.0 = Debug|Any CPU
		{93284045-C2B5-4CB7-99C1-A2C54328A95E}.Release|Any CPU.ActiveCfg = Release|Any CPU
		{93284045-C2B5-4CB7-99C1-A2C54328A95E}.Release|Any CPU.Build.0 = Release|Any CPU
		{93284045-C2B5-4CB7-99C1-A2C54328A95E}.Release|x64.ActiveCfg = Release|Any CPU
		{93284045-C2B5-4CB7-99C1-A2C54328A95E}.Release|x64.Build.0 = Release|Any CPU
		{5180031F-1C2D-4F82-88C2-E6E0061A23E2}.Debug|Any CPU.ActiveCfg = Debug|x64
		{5180031F-1C2D-4F82-88C2-E6E0061A23E2}.Debug|x64.ActiveCfg = Debug|x64
		{5180031F-1C2D-4F82-88C2-E6E0061A23E2}.Debug|x64.Build.0 = Debug|x64
		{5180031F-1C2D-4F82-88C2-E6E0061A23E2}.Release|Any CPU.ActiveCfg = Release|x64
		{5180031F-1C2D-4F82-88C2-E6E0061A23E2}.Release|x64.ActiveCfg = Release|x64
		{5180031F-1C2D-4F82-88C2-E6E0061A23E2}.Release|x64.Build.0 = Release|x64
		{E41F1FC8-E5C1-4765-A8D5-9D6129189771}.Debug|Any CPU.ActiveCfg = Debug|x64
		{E41F1FC8-E5C1-4765-A8D5-9D6129189771}.Debug|x64.ActiveCfg = Debug|x64
		{E41F1FC8-E5C1-4765-A8D5-9D6129189771}.Debug|x64.Build.0 = Debug|x64
		{E41F1FC8-E5C1-4765-A8D5-9D6129189771}.Release|Any CPU.ActiveCfg = Release|x64
		{E41F1FC8-E5C1-4765-A8D5-9D6129189771}.Release|x64.ActiveCfg = Release|x64
		{E41F1FC8-E5C1-4765-A8D5-9D6129189771}.Release|x64.Build.0 = Release|x64
		{6966746E-0E96-4742-B744-C2F6B0CFE464}.Debug|Any CPU.ActiveCfg = Debug|x64
		{6966746E-0E96-4742-B744-C2F6B0CFE464}.Debug|x64.ActiveCfg = Debug|x64
		{6966746E-0E96-4742-B744-C2F6B0CFE464}.Debug|x64.Build.0 = Debug|x64
		{6966746E-0E96-4742-B744-C2F6B0CFE464}.Release|Any CPU.ActiveCfg = Release|x64
		{6966746E-0E96-4742-B744-C2F6B0CFE464}.Release|x64.ActiveCfg = Release|x64
		{6966746E-0E96-4742-B744-C2F6B0CFE464}.Release|x64.Build.0 = Release|x64
		{546F4799-6D96-4861-8642-B2CD275FA858}.Debug|Any CPU.ActiveCfg = Debug|x64
		{546F4799-6D96-4861-8642-B2CD275FA858}.Debug|x64.ActiveCfg = Debug|x64
		{546F4799-6D96-4861-8642-B2CD275FA858}.Debug|x64.Build.0 = Debug|x64
		{546F4799-6D96-4861-8642-B2CD275FA858}.Release|Any CPU.ActiveCfg = Release|x64
		{546F4799-6D96-4861-8642-B2CD275FA858}.Release|x64.ActiveCfg = Release|x64
		{546F4799-6D96-4861-8642-B2CD275FA858}.Release|x64.Build.0 = Release|x64
		{E78A6D0E-8776-459A-8BFB-7CAD11CC5E61}.Debug|Any CPU.ActiveCfg = Debug|x64
		{E78A6D0E-8776-459A-8BFB-7CAD11CC5E61}.Debug|x64.ActiveCfg = Debug|x64
		{E78A6D0E-8776-459A-8BFB-7CAD11CC5E61}.Debug|x64.Build.0 = Debug|x64
		{E78A6D0E-8776-459A-8BFB-7CAD11CC5E61}.Release|Any CPU.ActiveCfg = Release|x64
		{E78A6D0E-8776-459A-8BFB-7CAD11CC5E61}.Release|x64.ActiveCfg = Release|x64
		{E78A6D0E-8776-459A-8BFB-7CAD11CC5E61}.Release|x64.Build.0 = Release|x64
	EndGlobalSection
	GlobalSection(SolutionProperties) = preSolution
		HideSolutionNode = FALSE
	EndGlobalSection
	GlobalSection(NestedProjects) = preSolution
		{6DFF2BCE-35E9-4535-996A-8E3F21530EAD} = {6C9D563B-5E8D-49AB-A827-CE98F735567B}
		{47F9974E-6316-409B-B468-BF4F60AABAA4} = {6C9D563B-5E8D-49AB-A827-CE98F735567B}
		{93284045-C2B5-4CB7-99C1-A2C54328A95E} = {6C9D563B-5E8D-49AB-A827-CE98F735567B}
	EndGlobalSection
	GlobalSection(ExtensibilityGlobals) = postSolution
		SolutionGuid = {839C8B27-7C12-42F3-A1E3-85EB0F130282}
	EndGlobalSection
EndGlobal
