
Microsoft Visual Studio Solution File, Format Version 12.00
# Visual Studio 15
VisualStudioVersion = 15.0.28010.2036
MinimumVisualStudioVersion = 10.0.40219.1
Project("{A07B5EB6-E848-4116-A8D0-A826331D98C6}") = "CaptainHook", "CaptainHook\CaptainHook.sfproj", "{D44FA61E-30BD-487C-97CB-877E596872A8}"
EndProject
Project("{FAE04EC0-301F-11D3-BF4B-00C04F79EFBC}") = "MessagingDirector", "MessagingDirector\MessagingDirector.csproj", "{0E84E12B-91F6-4426-82DF-3559D475CB1B}"
EndProject
Project("{FAE04EC0-301F-11D3-BF4B-00C04F79EFBC}") = "MessagingDirector.Interfaces", "MessagingDirector.Interfaces\MessagingDirector.Interfaces.csproj", "{4DC6DF3F-E7BD-4F5D-8B0E-698616294C34}"
EndProject
Global
	GlobalSection(SolutionConfigurationPlatforms) = preSolution
		Debug|Any CPU = Debug|Any CPU
		Debug|x64 = Debug|x64
		Release|Any CPU = Release|Any CPU
		Release|x64 = Release|x64
	EndGlobalSection
	GlobalSection(ProjectConfigurationPlatforms) = postSolution
		{D44FA61E-30BD-487C-97CB-877E596872A8}.Debug|Any CPU.ActiveCfg = Debug|x64
		{D44FA61E-30BD-487C-97CB-877E596872A8}.Debug|x64.ActiveCfg = Debug|x64
		{D44FA61E-30BD-487C-97CB-877E596872A8}.Debug|x64.Build.0 = Debug|x64
		{D44FA61E-30BD-487C-97CB-877E596872A8}.Debug|x64.Deploy.0 = Debug|x64
		{D44FA61E-30BD-487C-97CB-877E596872A8}.Release|Any CPU.ActiveCfg = Release|x64
		{D44FA61E-30BD-487C-97CB-877E596872A8}.Release|x64.ActiveCfg = Release|x64
		{D44FA61E-30BD-487C-97CB-877E596872A8}.Release|x64.Build.0 = Release|x64
		{D44FA61E-30BD-487C-97CB-877E596872A8}.Release|x64.Deploy.0 = Release|x64
		{0E84E12B-91F6-4426-82DF-3559D475CB1B}.Debug|Any CPU.ActiveCfg = Debug|Any CPU
		{0E84E12B-91F6-4426-82DF-3559D475CB1B}.Debug|Any CPU.Build.0 = Debug|Any CPU
		{0E84E12B-91F6-4426-82DF-3559D475CB1B}.Debug|x64.ActiveCfg = Debug|Any CPU
		{0E84E12B-91F6-4426-82DF-3559D475CB1B}.Debug|x64.Build.0 = Debug|Any CPU
		{0E84E12B-91F6-4426-82DF-3559D475CB1B}.Release|Any CPU.ActiveCfg = Release|Any CPU
		{0E84E12B-91F6-4426-82DF-3559D475CB1B}.Release|Any CPU.Build.0 = Release|Any CPU
		{0E84E12B-91F6-4426-82DF-3559D475CB1B}.Release|x64.ActiveCfg = Release|Any CPU
		{0E84E12B-91F6-4426-82DF-3559D475CB1B}.Release|x64.Build.0 = Release|Any CPU
		{4DC6DF3F-E7BD-4F5D-8B0E-698616294C34}.Debug|Any CPU.ActiveCfg = Debug|Any CPU
		{4DC6DF3F-E7BD-4F5D-8B0E-698616294C34}.Debug|Any CPU.Build.0 = Debug|Any CPU
		{4DC6DF3F-E7BD-4F5D-8B0E-698616294C34}.Debug|x64.ActiveCfg = Debug|Any CPU
		{4DC6DF3F-E7BD-4F5D-8B0E-698616294C34}.Debug|x64.Build.0 = Debug|Any CPU
		{4DC6DF3F-E7BD-4F5D-8B0E-698616294C34}.Release|Any CPU.ActiveCfg = Release|Any CPU
		{4DC6DF3F-E7BD-4F5D-8B0E-698616294C34}.Release|Any CPU.Build.0 = Release|Any CPU
		{4DC6DF3F-E7BD-4F5D-8B0E-698616294C34}.Release|x64.ActiveCfg = Release|Any CPU
		{4DC6DF3F-E7BD-4F5D-8B0E-698616294C34}.Release|x64.Build.0 = Release|Any CPU
	EndGlobalSection
	GlobalSection(SolutionProperties) = preSolution
		HideSolutionNode = FALSE
	EndGlobalSection
	GlobalSection(ExtensibilityGlobals) = postSolution
		SolutionGuid = {839C8B27-7C12-42F3-A1E3-85EB0F130282}
	EndGlobalSection
EndGlobal
