
Microsoft Visual Studio Solution File, Format Version 12.00
# Visual Studio 15
VisualStudioVersion = 15.0.28010.2036
MinimumVisualStudioVersion = 10.0.40219.1
Project("{9A19103F-16F7-4668-BE54-9A1E7A4F7556}") = "CaptainHook.Interfaces", "CaptainHook.Interfaces\CaptainHook.Interfaces.csproj", "{2EFD6F18-374F-4DB7-95D9-419310F5283E}"
EndProject
Project("{9A19103F-16F7-4668-BE54-9A1E7A4F7556}") = "CaptainHook.EndpointDispatcherActor", "CaptainHook.EndpointDispatcherActor\CaptainHook.EndpointDispatcherActor.csproj", "{84A8AF48-7380-4032-AD1C-DBFB947B97F8}"
EndProject
Project("{9A19103F-16F7-4668-BE54-9A1E7A4F7556}") = "CaptainHook.EventHandlerActor", "CaptainHook.EventHandlerActor\CaptainHook.EventHandlerActor.csproj", "{FE882D21-737F-4085-8E33-26E3CD619BD5}"
EndProject
Project("{9A19103F-16F7-4668-BE54-9A1E7A4F7556}") = "CaptainHook.EventReaderActor", "CaptainHook.EventReaderActor\CaptainHook.EventReaderActor.csproj", "{06EAC07A-92C6-455E-BD0C-F25DD35C86EB}"
EndProject
Project("{9A19103F-16F7-4668-BE54-9A1E7A4F7556}") = "CaptainHook.MessagingDirector", "CaptainHook.MessagingDirector\CaptainHook.MessagingDirector.csproj", "{2801EDE9-FBBE-414A-9C89-B49770BE91DB}"
EndProject
Project("{9A19103F-16F7-4668-BE54-9A1E7A4F7556}") = "CaptainHook.Common", "CaptainHook.Common\CaptainHook.Common.csproj", "{5889AD8A-FFD2-4296-935F-C0111177D742}"
EndProject
Project("{A07B5EB6-E848-4116-A8D0-A826331D98C6}") = "CaptainHook.Fabric", "CaptainHook.Fabric\CaptainHook.Fabric.sfproj", "{D44FA61E-30BD-487C-97CB-877E596872A8}"
EndProject
Project("{9A19103F-16F7-4668-BE54-9A1E7A4F7556}") = "CaptainHook.PoolManagerActor", "CaptainHook.PoolManagerActor\CaptainHook.PoolManagerActor.csproj", "{4035A243-CDC8-4A50-B759-CA51810454FD}"
EndProject
Project("{FAE04EC0-301F-11D3-BF4B-00C04F79EFBC}") = "CaptainHook.UnitTests", "Tests\CaptainHook.UnitTests\CaptainHook.UnitTests.csproj", "{1203ED6F-77D0-41FD-861B-6BF718F2286E}"
EndProject
Global
	GlobalSection(SolutionConfigurationPlatforms) = preSolution
		Debug|Any CPU = Debug|Any CPU
		Debug|x64 = Debug|x64
		Release|Any CPU = Release|Any CPU
		Release|x64 = Release|x64
	EndGlobalSection
	GlobalSection(ProjectConfigurationPlatforms) = postSolution
		{2EFD6F18-374F-4DB7-95D9-419310F5283E}.Debug|Any CPU.ActiveCfg = Debug|x64
		{2EFD6F18-374F-4DB7-95D9-419310F5283E}.Debug|x64.ActiveCfg = Debug|x64
		{2EFD6F18-374F-4DB7-95D9-419310F5283E}.Debug|x64.Build.0 = Debug|x64
		{2EFD6F18-374F-4DB7-95D9-419310F5283E}.Release|Any CPU.ActiveCfg = Release|x64
		{2EFD6F18-374F-4DB7-95D9-419310F5283E}.Release|x64.ActiveCfg = Release|x64
		{2EFD6F18-374F-4DB7-95D9-419310F5283E}.Release|x64.Build.0 = Release|x64
		{84A8AF48-7380-4032-AD1C-DBFB947B97F8}.Debug|Any CPU.ActiveCfg = Debug|x64
		{84A8AF48-7380-4032-AD1C-DBFB947B97F8}.Debug|x64.ActiveCfg = Debug|x64
		{84A8AF48-7380-4032-AD1C-DBFB947B97F8}.Debug|x64.Build.0 = Debug|x64
		{84A8AF48-7380-4032-AD1C-DBFB947B97F8}.Release|Any CPU.ActiveCfg = Release|x64
		{84A8AF48-7380-4032-AD1C-DBFB947B97F8}.Release|x64.ActiveCfg = Release|x64
		{84A8AF48-7380-4032-AD1C-DBFB947B97F8}.Release|x64.Build.0 = Release|x64
		{FE882D21-737F-4085-8E33-26E3CD619BD5}.Debug|Any CPU.ActiveCfg = Debug|x64
		{FE882D21-737F-4085-8E33-26E3CD619BD5}.Debug|x64.ActiveCfg = Debug|x64
		{FE882D21-737F-4085-8E33-26E3CD619BD5}.Debug|x64.Build.0 = Debug|x64
		{FE882D21-737F-4085-8E33-26E3CD619BD5}.Release|Any CPU.ActiveCfg = Release|x64
		{FE882D21-737F-4085-8E33-26E3CD619BD5}.Release|x64.ActiveCfg = Release|x64
		{FE882D21-737F-4085-8E33-26E3CD619BD5}.Release|x64.Build.0 = Release|x64
		{06EAC07A-92C6-455E-BD0C-F25DD35C86EB}.Debug|Any CPU.ActiveCfg = Debug|x64
		{06EAC07A-92C6-455E-BD0C-F25DD35C86EB}.Debug|x64.ActiveCfg = Debug|x64
		{06EAC07A-92C6-455E-BD0C-F25DD35C86EB}.Debug|x64.Build.0 = Debug|x64
		{06EAC07A-92C6-455E-BD0C-F25DD35C86EB}.Release|Any CPU.ActiveCfg = Release|x64
		{06EAC07A-92C6-455E-BD0C-F25DD35C86EB}.Release|x64.ActiveCfg = Release|x64
		{06EAC07A-92C6-455E-BD0C-F25DD35C86EB}.Release|x64.Build.0 = Release|x64
		{2801EDE9-FBBE-414A-9C89-B49770BE91DB}.Debug|Any CPU.ActiveCfg = Debug|x64
		{2801EDE9-FBBE-414A-9C89-B49770BE91DB}.Debug|x64.ActiveCfg = Debug|x64
		{2801EDE9-FBBE-414A-9C89-B49770BE91DB}.Debug|x64.Build.0 = Debug|x64
		{2801EDE9-FBBE-414A-9C89-B49770BE91DB}.Release|Any CPU.ActiveCfg = Release|x64
		{2801EDE9-FBBE-414A-9C89-B49770BE91DB}.Release|x64.ActiveCfg = Release|x64
		{2801EDE9-FBBE-414A-9C89-B49770BE91DB}.Release|x64.Build.0 = Release|x64
		{5889AD8A-FFD2-4296-935F-C0111177D742}.Debug|Any CPU.ActiveCfg = Debug|x64
		{5889AD8A-FFD2-4296-935F-C0111177D742}.Debug|x64.ActiveCfg = Debug|x64
		{5889AD8A-FFD2-4296-935F-C0111177D742}.Debug|x64.Build.0 = Debug|x64
		{5889AD8A-FFD2-4296-935F-C0111177D742}.Release|Any CPU.ActiveCfg = Release|x64
		{5889AD8A-FFD2-4296-935F-C0111177D742}.Release|x64.ActiveCfg = Release|x64
		{5889AD8A-FFD2-4296-935F-C0111177D742}.Release|x64.Build.0 = Release|x64
		{D44FA61E-30BD-487C-97CB-877E596872A8}.Debug|Any CPU.ActiveCfg = Debug|x64
		{D44FA61E-30BD-487C-97CB-877E596872A8}.Debug|x64.ActiveCfg = Debug|x64
		{D44FA61E-30BD-487C-97CB-877E596872A8}.Debug|x64.Build.0 = Debug|x64
		{D44FA61E-30BD-487C-97CB-877E596872A8}.Debug|x64.Deploy.0 = Debug|x64
		{D44FA61E-30BD-487C-97CB-877E596872A8}.Release|Any CPU.ActiveCfg = Release|x64
		{D44FA61E-30BD-487C-97CB-877E596872A8}.Release|x64.ActiveCfg = Release|x64
		{D44FA61E-30BD-487C-97CB-877E596872A8}.Release|x64.Build.0 = Release|x64
		{D44FA61E-30BD-487C-97CB-877E596872A8}.Release|x64.Deploy.0 = Release|x64
		{4035A243-CDC8-4A50-B759-CA51810454FD}.Debug|Any CPU.ActiveCfg = Debug|x64
		{4035A243-CDC8-4A50-B759-CA51810454FD}.Debug|x64.ActiveCfg = Debug|x64
		{4035A243-CDC8-4A50-B759-CA51810454FD}.Debug|x64.Build.0 = Debug|x64
		{4035A243-CDC8-4A50-B759-CA51810454FD}.Release|Any CPU.ActiveCfg = Release|x64
		{4035A243-CDC8-4A50-B759-CA51810454FD}.Release|x64.ActiveCfg = Release|x64
		{4035A243-CDC8-4A50-B759-CA51810454FD}.Release|x64.Build.0 = Release|x64
		{1203ED6F-77D0-41FD-861B-6BF718F2286E}.Debug|Any CPU.ActiveCfg = Debug|Any CPU
		{1203ED6F-77D0-41FD-861B-6BF718F2286E}.Debug|Any CPU.Build.0 = Debug|Any CPU
		{1203ED6F-77D0-41FD-861B-6BF718F2286E}.Debug|x64.ActiveCfg = Debug|Any CPU
		{1203ED6F-77D0-41FD-861B-6BF718F2286E}.Debug|x64.Build.0 = Debug|Any CPU
		{1203ED6F-77D0-41FD-861B-6BF718F2286E}.Release|Any CPU.ActiveCfg = Release|Any CPU
		{1203ED6F-77D0-41FD-861B-6BF718F2286E}.Release|Any CPU.Build.0 = Release|Any CPU
		{1203ED6F-77D0-41FD-861B-6BF718F2286E}.Release|x64.ActiveCfg = Release|Any CPU
		{1203ED6F-77D0-41FD-861B-6BF718F2286E}.Release|x64.Build.0 = Release|Any CPU
	EndGlobalSection
	GlobalSection(SolutionProperties) = preSolution
		HideSolutionNode = FALSE
	EndGlobalSection
	GlobalSection(ExtensibilityGlobals) = postSolution
		SolutionGuid = {839C8B27-7C12-42F3-A1E3-85EB0F130282}
	EndGlobalSection
EndGlobal
